
Microsoft Visual Studio Solution File, Format Version 12.00
# Visual Studio Version 16
VisualStudioVersion = 16.0.30011.22
MinimumVisualStudioVersion = 10.0.40219.1
Project("{FAE04EC0-301F-11D3-BF4B-00C04F79EFBC}") = "StreamPad", "StreamPad\StreamPad.csproj", "{5338CE80-A79E-4173-B75E-FC62EF9AB893}"
EndProject
Global
	GlobalSection(SolutionConfigurationPlatforms) = preSolution
		Debug|Any CPU = Debug|Any CPU
		Release|Any CPU = Release|Any CPU
	EndGlobalSection
	GlobalSection(ProjectConfigurationPlatforms) = postSolution
		{5338CE80-A79E-4173-B75E-FC62EF9AB893}.Debug|Any CPU.ActiveCfg = Debug|Any CPU
		{5338CE80-A79E-4173-B75E-FC62EF9AB893}.Debug|Any CPU.Build.0 = Debug|Any CPU
		{5338CE80-A79E-4173-B75E-FC62EF9AB893}.Release|Any CPU.ActiveCfg = Release|Any CPU
		{5338CE80-A79E-4173-B75E-FC62EF9AB893}.Release|Any CPU.Build.0 = Release|Any CPU
	EndGlobalSection
	GlobalSection(SolutionProperties) = preSolution
		HideSolutionNode = FALSE
	EndGlobalSection
	GlobalSection(ExtensibilityGlobals) = postSolution
		SolutionGuid = {ED65953B-5F1E-4652-BEA9-2A2F6099A60D}
	EndGlobalSection
EndGlobal
